
Microsoft Visual Studio Solution File, Format Version 12.00
# Visual Studio 14
VisualStudioVersion = 14.0.25123.0
MinimumVisualStudioVersion = 10.0.40219.1
Project("{8BC9CEB8-8B4A-11D0-8D11-00A0C91BC942}") = "CPlusPlusBusiness", "CPlusPlusBusiness\CPlusPlusBusiness.vcxproj", "{EB3EDC0A-9C79-4E2E-B6F8-AC48010A5334}"
EndProject
Project("{8BC9CEB8-8B4A-11D0-8D11-00A0C91BC942}") = "CPlusPlusUnitTests", "CPlusPlusUnitTests\CPlusPlusUnitTests.vcxproj", "{812BFC79-A2E1-4159-8229-9D9FB54539C9}"
EndProject
Project("{FAE04EC0-301F-11D3-BF4B-00C04F79EFBC}") = "CSharpBusiness", "CSharpBusiness\CSharpBusiness.csproj", "{3D535B96-9A94-4557-B8C7-9EE4D2CB9241}"
EndProject
Project("{FAE04EC0-301F-11D3-BF4B-00C04F79EFBC}") = "CSharpUnitTests", "CSharpUnitTests\CSharpUnitTests.csproj", "{C1E1E7FE-3035-45E7-A40A-7ED56C051FA5}"
EndProject
Global
	GlobalSection(SolutionConfigurationPlatforms) = preSolution
		Debug|Any CPU = Debug|Any CPU
		Debug|x64 = Debug|x64
		Debug|x86 = Debug|x86
		Release|Any CPU = Release|Any CPU
		Release|x64 = Release|x64
		Release|x86 = Release|x86
	EndGlobalSection
	GlobalSection(ProjectConfigurationPlatforms) = postSolution
		{EB3EDC0A-9C79-4E2E-B6F8-AC48010A5334}.Debug|Any CPU.ActiveCfg = Debug|Win32
		{EB3EDC0A-9C79-4E2E-B6F8-AC48010A5334}.Debug|x64.ActiveCfg = Debug|x64
		{EB3EDC0A-9C79-4E2E-B6F8-AC48010A5334}.Debug|x64.Build.0 = Debug|x64
		{EB3EDC0A-9C79-4E2E-B6F8-AC48010A5334}.Debug|x86.ActiveCfg = Debug|Win32
		{EB3EDC0A-9C79-4E2E-B6F8-AC48010A5334}.Debug|x86.Build.0 = Debug|Win32
		{EB3EDC0A-9C79-4E2E-B6F8-AC48010A5334}.Release|Any CPU.ActiveCfg = Release|Win32
		{EB3EDC0A-9C79-4E2E-B6F8-AC48010A5334}.Release|x64.ActiveCfg = Release|x64
		{EB3EDC0A-9C79-4E2E-B6F8-AC48010A5334}.Release|x64.Build.0 = Release|x64
		{EB3EDC0A-9C79-4E2E-B6F8-AC48010A5334}.Release|x86.ActiveCfg = Release|Win32
		{EB3EDC0A-9C79-4E2E-B6F8-AC48010A5334}.Release|x86.Build.0 = Release|Win32
		{812BFC79-A2E1-4159-8229-9D9FB54539C9}.Debug|Any CPU.ActiveCfg = Debug|Win32
		{812BFC79-A2E1-4159-8229-9D9FB54539C9}.Debug|x64.ActiveCfg = Debug|x64
		{812BFC79-A2E1-4159-8229-9D9FB54539C9}.Debug|x64.Build.0 = Debug|x64
		{812BFC79-A2E1-4159-8229-9D9FB54539C9}.Debug|x86.ActiveCfg = Debug|Win32
		{812BFC79-A2E1-4159-8229-9D9FB54539C9}.Debug|x86.Build.0 = Debug|Win32
		{812BFC79-A2E1-4159-8229-9D9FB54539C9}.Release|Any CPU.ActiveCfg = Release|Win32
		{812BFC79-A2E1-4159-8229-9D9FB54539C9}.Release|x64.ActiveCfg = Release|x64
		{812BFC79-A2E1-4159-8229-9D9FB54539C9}.Release|x64.Build.0 = Release|x64
		{812BFC79-A2E1-4159-8229-9D9FB54539C9}.Release|x86.ActiveCfg = Release|Win32
		{812BFC79-A2E1-4159-8229-9D9FB54539C9}.Release|x86.Build.0 = Release|Win32
		{3D535B96-9A94-4557-B8C7-9EE4D2CB9241}.Debug|Any CPU.ActiveCfg = Debug|Any CPU
		{3D535B96-9A94-4557-B8C7-9EE4D2CB9241}.Debug|Any CPU.Build.0 = Debug|Any CPU
		{3D535B96-9A94-4557-B8C7-9EE4D2CB9241}.Debug|x64.ActiveCfg = Debug|Any CPU
		{3D535B96-9A94-4557-B8C7-9EE4D2CB9241}.Debug|x64.Build.0 = Debug|Any CPU
		{3D535B96-9A94-4557-B8C7-9EE4D2CB9241}.Debug|x86.ActiveCfg = Debug|Any CPU
		{3D535B96-9A94-4557-B8C7-9EE4D2CB9241}.Debug|x86.Build.0 = Debug|Any CPU
		{3D535B96-9A94-4557-B8C7-9EE4D2CB9241}.Release|Any CPU.ActiveCfg = Release|Any CPU
		{3D535B96-9A94-4557-B8C7-9EE4D2CB9241}.Release|Any CPU.Build.0 = Release|Any CPU
		{3D535B96-9A94-4557-B8C7-9EE4D2CB9241}.Release|x64.ActiveCfg = Release|Any CPU
		{3D535B96-9A94-4557-B8C7-9EE4D2CB9241}.Release|x64.Build.0 = Release|Any CPU
		{3D535B96-9A94-4557-B8C7-9EE4D2CB9241}.Release|x86.ActiveCfg = Release|Any CPU
		{3D535B96-9A94-4557-B8C7-9EE4D2CB9241}.Release|x86.Build.0 = Release|Any CPU
		{C1E1E7FE-3035-45E7-A40A-7ED56C051FA5}.Debug|Any CPU.ActiveCfg = Debug|Any CPU
		{C1E1E7FE-3035-45E7-A40A-7ED56C051FA5}.Debug|Any CPU.Build.0 = Debug|Any CPU
		{C1E1E7FE-3035-45E7-A40A-7ED56C051FA5}.Debug|x64.ActiveCfg = Debug|Any CPU
		{C1E1E7FE-3035-45E7-A40A-7ED56C051FA5}.Debug|x64.Build.0 = Debug|Any CPU
		{C1E1E7FE-3035-45E7-A40A-7ED56C051FA5}.Debug|x86.ActiveCfg = Debug|Any CPU
		{C1E1E7FE-3035-45E7-A40A-7ED56C051FA5}.Debug|x86.Build.0 = Debug|Any CPU
		{C1E1E7FE-3035-45E7-A40A-7ED56C051FA5}.Release|Any CPU.ActiveCfg = Release|Any CPU
		{C1E1E7FE-3035-45E7-A40A-7ED56C051FA5}.Release|Any CPU.Build.0 = Release|Any CPU
		{C1E1E7FE-3035-45E7-A40A-7ED56C051FA5}.Release|x64.ActiveCfg = Release|Any CPU
		{C1E1E7FE-3035-45E7-A40A-7ED56C051FA5}.Release|x64.Build.0 = Release|Any CPU
		{C1E1E7FE-3035-45E7-A40A-7ED56C051FA5}.Release|x86.ActiveCfg = Release|Any CPU
		{C1E1E7FE-3035-45E7-A40A-7ED56C051FA5}.Release|x86.Build.0 = Release|Any CPU
	EndGlobalSection
	GlobalSection(SolutionProperties) = preSolution
		HideSolutionNode = FALSE
	EndGlobalSection
EndGlobal
